
Microsoft Visual Studio Solution File, Format Version 12.00
# Visual Studio 15
VisualStudioVersion = 15.0.27428.2037
MinimumVisualStudioVersion = 10.0.40219.1
Project("{8BC9CEB8-8B4A-11D0-8D11-00A0C91BC942}") = "solarSystem", "solarSystem\solarSystem.vcxproj", "{227E97B8-4A53-4152-A55E-BB15C151D3D1}"
EndProject
Global
	GlobalSection(SolutionConfigurationPlatforms) = preSolution
		Debug|x64 = Debug|x64
		Debug|x86 = Debug|x86
		Release|x64 = Release|x64
		Release|x86 = Release|x86
	EndGlobalSection
	GlobalSection(ProjectConfigurationPlatforms) = postSolution
		{227E97B8-4A53-4152-A55E-BB15C151D3D1}.Debug|x64.ActiveCfg = Debug|x64
		{227E97B8-4A53-4152-A55E-BB15C151D3D1}.Debug|x64.Build.0 = Debug|x64
		{227E97B8-4A53-4152-A55E-BB15C151D3D1}.Debug|x86.ActiveCfg = Debug|Win32
		{227E97B8-4A53-4152-A55E-BB15C151D3D1}.Debug|x86.Build.0 = Debug|Win32
		{227E97B8-4A53-4152-A55E-BB15C151D3D1}.Release|x64.ActiveCfg = Release|x64
		{227E97B8-4A53-4152-A55E-BB15C151D3D1}.Release|x64.Build.0 = Release|x64
		{227E97B8-4A53-4152-A55E-BB15C151D3D1}.Release|x86.ActiveCfg = Release|Win32
		{227E97B8-4A53-4152-A55E-BB15C151D3D1}.Release|x86.Build.0 = Release|Win32
	EndGlobalSection
	GlobalSection(SolutionProperties) = preSolution
		HideSolutionNode = FALSE
	EndGlobalSection
	GlobalSection(ExtensibilityGlobals) = postSolution
		SolutionGuid = {19950032-EDB7-4C95-B6D4-BB22C7535A21}
	EndGlobalSection
EndGlobal
